// !$*UTF8*$!
{
	archiveVersion = 1;
	classes = {
	};
	objectVersion = 46;
	objects = {

/* Begin PBXBuildFile section */
		9A24C2611E6319F7005088EF /* CanvasScene.swift in Sources */ = {isa = PBXBuildFile; fileRef = 9A24C25B1E6319F7005088EF /* CanvasScene.swift */; };
		9A24C2621E6319F7005088EF /* GridPaperView.swift in Sources */ = {isa = PBXBuildFile; fileRef = 9A24C25D1E6319F7005088EF /* GridPaperView.swift */; };
		9A24C2631E6319F7005088EF /* GridViewController.swift in Sources */ = {isa = PBXBuildFile; fileRef = 9A24C25E1E6319F7005088EF /* GridViewController.swift */; };
		9A24C2641E6319F7005088EF /* Pen.swift in Sources */ = {isa = PBXBuildFile; fileRef = 9A24C25F1E6319F7005088EF /* Pen.swift */; };
		9A24C2651E6319F7005088EF /* Shape.swift in Sources */ = {isa = PBXBuildFile; fileRef = 9A24C2601E6319F7005088EF /* Shape.swift */; };
		9AA98E3E1E57274500844475 /* AppDelegate.swift in Sources */ = {isa = PBXBuildFile; fileRef = 9AA98E3D1E57274500844475 /* AppDelegate.swift */; };
		9AA98E4B1E57274500844475 /* Assets.xcassets in Resources */ = {isa = PBXBuildFile; fileRef = 9AA98E4A1E57274500844475 /* Assets.xcassets */; };
		9AA98E4E1E57274500844475 /* LaunchScreen.storyboard in Resources */ = {isa = PBXBuildFile; fileRef = 9AA98E4C1E57274500844475 /* LaunchScreen.storyboard */; };
		C211636120EA02D600E9395C /* Arrow.swift in Sources */ = {isa = PBXBuildFile; fileRef = C211636020EA02D600E9395C /* Arrow.swift */; };
/* End PBXBuildFile section */

/* Begin PBXFileReference section */
		9A24C25B1E6319F7005088EF /* CanvasScene.swift */ = {isa = PBXFileReference; fileEncoding = 4; lastKnownFileType = sourcecode.swift; name = CanvasScene.swift; path = ../../Geometry.playgroundbook/Contents/Sources/CanvasScene.swift; sourceTree = "<group>"; };
		9A24C25D1E6319F7005088EF /* GridPaperView.swift */ = {isa = PBXFileReference; fileEncoding = 4; lastKnownFileType = sourcecode.swift; path = GridPaperView.swift; sourceTree = "<group>"; };
		9A24C25E1E6319F7005088EF /* GridViewController.swift */ = {isa = PBXFileReference; fileEncoding = 4; lastKnownFileType = sourcecode.swift; path = GridViewController.swift; sourceTree = "<group>"; };
		9A24C25F1E6319F7005088EF /* Pen.swift */ = {isa = PBXFileReference; fileEncoding = 4; lastKnownFileType = sourcecode.swift; path = Pen.swift; sourceTree = "<group>"; };
		9A24C2601E6319F7005088EF /* Shape.swift */ = {isa = PBXFileReference; fileEncoding = 4; lastKnownFileType = sourcecode.swift; path = Shape.swift; sourceTree = "<group>"; };
		9AA98E3A1E57274500844475 /* PlaygroundArea.app */ = {isa = PBXFileReference; explicitFileType = wrapper.application; includeInIndex = 0; path = PlaygroundArea.app; sourceTree = BUILT_PRODUCTS_DIR; };
		9AA98E3D1E57274500844475 /* AppDelegate.swift */ = {isa = PBXFileReference; lastKnownFileType = sourcecode.swift; path = AppDelegate.swift; sourceTree = "<group>"; };
		9AA98E4A1E57274500844475 /* Assets.xcassets */ = {isa = PBXFileReference; lastKnownFileType = folder.assetcatalog; path = Assets.xcassets; sourceTree = "<group>"; };
		9AA98E4D1E57274500844475 /* Base */ = {isa = PBXFileReference; lastKnownFileType = file.storyboard; name = Base; path = Base.lproj/LaunchScreen.storyboard; sourceTree = "<group>"; };
		9AA98E4F1E57274500844475 /* Info.plist */ = {isa = PBXFileReference; lastKnownFileType = text.plist.xml; path = Info.plist; sourceTree = "<group>"; };
		C211636020EA02D600E9395C /* Arrow.swift */ = {isa = PBXFileReference; lastKnownFileType = sourcecode.swift; path = Arrow.swift; sourceTree = "<group>"; };
/* End PBXFileReference section */

/* Begin PBXFrameworksBuildPhase section */
		9AA98E371E57274500844475 /* Frameworks */ = {
			isa = PBXFrameworksBuildPhase;
			buildActionMask = 2147483647;
			files = (
			);
			runOnlyForDeploymentPostprocessing = 0;
		};
/* End PBXFrameworksBuildPhase section */

/* Begin PBXGroup section */
		9A24C25C1E6319F7005088EF /* PlaygroundAPIExtension */ = {
			isa = PBXGroup;
			children = (
				9A24C25D1E6319F7005088EF /* GridPaperView.swift */,
				9A24C25E1E6319F7005088EF /* GridViewController.swift */,
				9A24C25F1E6319F7005088EF /* Pen.swift */,
				C211636020EA02D600E9395C /* Arrow.swift */,
				9A24C2601E6319F7005088EF /* Shape.swift */,
			);
			name = PlaygroundAPIExtension;
			path = ../../Geometry.playgroundbook/Contents/Sources/PlaygroundAPIExtension;
			sourceTree = "<group>";
		};
		9AA98E311E57274500844475 = {
			isa = PBXGroup;
			children = (
				9AA98E3C1E57274500844475 /* PlaygroundArea */,
				9AA98E3B1E57274500844475 /* Products */,
			);
			sourceTree = "<group>";
		};
		9AA98E3B1E57274500844475 /* Products */ = {
			isa = PBXGroup;
			children = (
				9AA98E3A1E57274500844475 /* PlaygroundArea.app */,
			);
			name = Products;
			sourceTree = "<group>";
		};
		9AA98E3C1E57274500844475 /* PlaygroundArea */ = {
			isa = PBXGroup;
			children = (
				9AA98E3D1E57274500844475 /* AppDelegate.swift */,
				9AA98E4A1E57274500844475 /* Assets.xcassets */,
				9AA98E4C1E57274500844475 /* LaunchScreen.storyboard */,
				9A24C25B1E6319F7005088EF /* CanvasScene.swift */,
				9A24C25C1E6319F7005088EF /* PlaygroundAPIExtension */,
				9AA98E4F1E57274500844475 /* Info.plist */,
			);
			path = PlaygroundArea;
			sourceTree = "<group>";
		};
/* End PBXGroup section */

/* Begin PBXNativeTarget section */
		9AA98E391E57274500844475 /* PlaygroundArea */ = {
			isa = PBXNativeTarget;
			buildConfigurationList = 9AA98E521E57274500844475 /* Build configuration list for PBXNativeTarget "PlaygroundArea" */;
			buildPhases = (
				9AA98E361E57274500844475 /* Sources */,
				9AA98E371E57274500844475 /* Frameworks */,
				9AA98E381E57274500844475 /* Resources */,
			);
			buildRules = (
			);
			dependencies = (
			);
			name = PlaygroundArea;
			productName = PlaygroundArea;
			productReference = 9AA98E3A1E57274500844475 /* PlaygroundArea.app */;
			productType = "com.apple.product-type.application";
		};
/* End PBXNativeTarget section */

/* Begin PBXProject section */
		9AA98E321E57274500844475 /* Project object */ = {
			isa = PBXProject;
			attributes = {
				LastSwiftUpdateCheck = 0820;
				LastUpgradeCheck = 0820;
				ORGANIZATIONNAME = "Luke Durrant";
				TargetAttributes = {
					9AA98E391E57274500844475 = {
						CreatedOnToolsVersion = 8.2.1;
						DevelopmentTeam = 2A46D7V85T;
						ProvisioningStyle = Automatic;
					};
				};
			};
			buildConfigurationList = 9AA98E351E57274500844475 /* Build configuration list for PBXProject "PlaygroundArea" */;
			compatibilityVersion = "Xcode 3.2";
			developmentRegion = English;
			hasScannedForEncodings = 0;
			knownRegions = (
				en,
				Base,
			);
			mainGroup = 9AA98E311E57274500844475;
			productRefGroup = 9AA98E3B1E57274500844475 /* Products */;
			projectDirPath = "";
			projectRoot = "";
			targets = (
				9AA98E391E57274500844475 /* PlaygroundArea */,
			);
		};
/* End PBXProject section */

/* Begin PBXResourcesBuildPhase section */
		9AA98E381E57274500844475 /* Resources */ = {
			isa = PBXResourcesBuildPhase;
			buildActionMask = 2147483647;
			files = (
				9AA98E4B1E57274500844475 /* Assets.xcassets in Resources */,
				9AA98E4E1E57274500844475 /* LaunchScreen.storyboard in Resources */,
			);
			runOnlyForDeploymentPostprocessing = 0;
		};
/* End PBXResourcesBuildPhase section */

/* Begin PBXSourcesBuildPhase section */
		9AA98E361E57274500844475 /* Sources */ = {
			isa = PBXSourcesBuildPhase;
			buildActionMask = 2147483647;
			files = (
				9A24C2641E6319F7005088EF /* Pen.swift in Sources */,
				9A24C2651E6319F7005088EF /* Shape.swift in Sources */,
				9A24C2631E6319F7005088EF /* GridViewController.swift in Sources */,
				9A24C2611E6319F7005088EF /* CanvasScene.swift in Sources */,
				C211636120EA02D600E9395C /* Arrow.swift in Sources */,
				9AA98E3E1E57274500844475 /* AppDelegate.swift in Sources */,
				9A24C2621E6319F7005088EF /* GridPaperView.swift in Sources */,
			);
			runOnlyForDeploymentPostprocessing = 0;
		};
/* End PBXSourcesBuildPhase section */

/* Begin PBXVariantGroup section */
		9AA98E4C1E57274500844475 /* LaunchScreen.storyboard */ = {
			isa = PBXVariantGroup;
			children = (
				9AA98E4D1E57274500844475 /* Base */,
			);
			name = LaunchScreen.storyboard;
			sourceTree = "<group>";
		};
/* End PBXVariantGroup section */

/* Begin XCBuildConfiguration section */
		9AA98E501E57274500844475 /* Debug */ = {
			isa = XCBuildConfiguration;
			buildSettings = {
				ALWAYS_SEARCH_USER_PATHS = NO;
				CLANG_ANALYZER_NONNULL = YES;
				CLANG_CXX_LANGUAGE_STANDARD = "gnu++0x";
				CLANG_CXX_LIBRARY = "libc++";
				CLANG_ENABLE_MODULES = YES;
				CLANG_ENABLE_OBJC_ARC = YES;
				CLANG_WARN_BOOL_CONVERSION = YES;
				CLANG_WARN_CONSTANT_CONVERSION = YES;
				CLANG_WARN_DIRECT_OBJC_ISA_USAGE = YES_ERROR;
				CLANG_WARN_DOCUMENTATION_COMMENTS = YES;
				CLANG_WARN_EMPTY_BODY = YES;
				CLANG_WARN_ENUM_CONVERSION = YES;
				CLANG_WARN_INFINITE_RECURSION = YES;
				CLANG_WARN_INT_CONVERSION = YES;
				CLANG_WARN_OBJC_ROOT_CLASS = YES_ERROR;
				CLANG_WARN_SUSPICIOUS_MOVE = YES;
				CLANG_WARN_UNREACHABLE_CODE = YES;
				CLANG_WARN__DUPLICATE_METHOD_MATCH = YES;
				"CODE_SIGN_IDENTITY[sdk=iphoneos*]" = "iPhone Developer";
				COPY_PHASE_STRIP = NO;
				DEBUG_INFORMATION_FORMAT = dwarf;
				ENABLE_STRICT_OBJC_MSGSEND = YES;
				ENABLE_TESTABILITY = YES;
				GCC_C_LANGUAGE_STANDARD = gnu99;
				GCC_DYNAMIC_NO_PIC = NO;
				GCC_NO_COMMON_BLOCKS = YES;
				GCC_OPTIMIZATION_LEVEL = 0;
				GCC_PREPROCESSOR_DEFINITIONS = (
					"DEBUG=1",
					"$(inherited)",
				);
				GCC_WARN_64_TO_32_BIT_CONVERSION = YES;
				GCC_WARN_ABOUT_RETURN_TYPE = YES_ERROR;
				GCC_WARN_UNDECLARED_SELECTOR = YES;
				GCC_WARN_UNINITIALIZED_AUTOS = YES_AGGRESSIVE;
				GCC_WARN_UNUSED_FUNCTION = YES;
				GCC_WARN_UNUSED_VARIABLE = YES;
				IPHONEOS_DEPLOYMENT_TARGET = 10.2;
				MTL_ENABLE_DEBUG_INFO = YES;
				ONLY_ACTIVE_ARCH = YES;
				SDKROOT = iphoneos;
				SWIFT_ACTIVE_COMPILATION_CONDITIONS = DEBUG;
				SWIFT_OPTIMIZATION_LEVEL = "-Onone";
				TARGETED_DEVICE_FAMILY = "1,2";
			};
			name = Debug;
		};
		9AA98E511E57274500844475 /* Release */ = {
			isa = XCBuildConfiguration;
			buildSettings = {
				ALWAYS_SEARCH_USER_PATHS = NO;
				CLANG_ANALYZER_NONNULL = YES;
				CLANG_CXX_LANGUAGE_STANDARD = "gnu++0x";
				CLANG_CXX_LIBRARY = "libc++";
				CLANG_ENABLE_MODULES = YES;
				CLANG_ENABLE_OBJC_ARC = YES;
				CLANG_WARN_BOOL_CONVERSION = YES;
				CLANG_WARN_CONSTANT_CONVERSION = YES;
				CLANG_WARN_DIRECT_OBJC_ISA_USAGE = YES_ERROR;
				CLANG_WARN_DOCUMENTATION_COMMENTS = YES;
				CLANG_WARN_EMPTY_BODY = YES;
				CLANG_WARN_ENUM_CONVERSION = YES;
				CLANG_WARN_INFINITE_RECURSION = YES;
				CLANG_WARN_INT_CONVERSION = YES;
				CLANG_WARN_OBJC_ROOT_CLASS = YES_ERROR;
				CLANG_WARN_SUSPICIOUS_MOVE = YES;
				CLANG_WARN_UNREACHABLE_CODE = YES;
				CLANG_WARN__DUPLICATE_METHOD_MATCH = YES;
				"CODE_SIGN_IDENTITY[sdk=iphoneos*]" = "iPhone Developer";
				COPY_PHASE_STRIP = NO;
				DEBUG_INFORMATION_FORMAT = "dwarf-with-dsym";
				ENABLE_NS_ASSERTIONS = NO;
				ENABLE_STRICT_OBJC_MSGSEND = YES;
				GCC_C_LANGUAGE_STANDARD = gnu99;
				GCC_NO_COMMON_BLOCKS = YES;
				GCC_WARN_64_TO_32_BIT_CONVERSION = YES;
				GCC_WARN_ABOUT_RETURN_TYPE = YES_ERROR;
				GCC_WARN_UNDECLARED_SELECTOR = YES;
				GCC_WARN_UNINITIALIZED_AUTOS = YES_AGGRESSIVE;
				GCC_WARN_UNUSED_FUNCTION = YES;
				GCC_WARN_UNUSED_VARIABLE = YES;
				IPHONEOS_DEPLOYMENT_TARGET = 10.2;
				MTL_ENABLE_DEBUG_INFO = NO;
				SDKROOT = iphoneos;
				SWIFT_OPTIMIZATION_LEVEL = "-Owholemodule";
				TARGETED_DEVICE_FAMILY = "1,2";
				VALIDATE_PRODUCT = YES;
			};
			name = Release;
		};
		9AA98E531E57274500844475 /* Debug */ = {
			isa = XCBuildConfiguration;
			buildSettings = {
				ASSETCATALOG_COMPILER_APPICON_NAME = AppIcon;
				DEVELOPMENT_TEAM = 2A46D7V85T;
				INFOPLIST_FILE = PlaygroundArea/Info.plist;
				LD_RUNPATH_SEARCH_PATHS = "$(inherited) @executable_path/Frameworks";
				PRODUCT_BUNDLE_IDENTIFIER = com.squidee.playgroundarea.PlaygroundArea;
				PRODUCT_NAME = "$(TARGET_NAME)";
				SWIFT_VERSION = 3.0;
			};
			name = Debug;
		};
		9AA98E541E57274500844475 /* Release */ = {
			isa = XCBuildConfiguration;
			buildSettings = {
				ASSETCATALOG_COMPILER_APPICON_NAME = AppIcon;
				DEVELOPMENT_TEAM = 2A46D7V85T;
				INFOPLIST_FILE = PlaygroundArea/Info.plist;
				LD_RUNPATH_SEARCH_PATHS = "$(inherited) @executable_path/Frameworks";
				PRODUCT_BUNDLE_IDENTIFIER = com.squidee.playgroundarea.PlaygroundArea;
				PRODUCT_NAME = "$(TARGET_NAME)";
				SWIFT_VERSION = 3.0;
			};
			name = Release;
		};
/* End XCBuildConfiguration section */

/* Begin XCConfigurationList section */
		9AA98E351E57274500844475 /* Build configuration list for PBXProject "PlaygroundArea" */ = {
			isa = XCConfigurationList;
			buildConfigurations = (
				9AA98E501E57274500844475 /* Debug */,
				9AA98E511E57274500844475 /* Release */,
			);
			defaultConfigurationIsVisible = 0;
			defaultConfigurationName = Release;
		};
		9AA98E521E57274500844475 /* Build configuration list for PBXNativeTarget "PlaygroundArea" */ = {
			isa = XCConfigurationList;
			buildConfigurations = (
				9AA98E531E57274500844475 /* Debug */,
				9AA98E541E57274500844475 /* Release */,
			);
			defaultConfigurationIsVisible = 0;
			defaultConfigurationName = Release;
		};
/* End XCConfigurationList section */
	};
	rootObject = 9AA98E321E57274500844475 /* Project object */;
}
